
Microsoft Visual Studio Solution File, Format Version 12.00
# Visual Studio Version 16
VisualStudioVersion = 16.0.30907.101
MinimumVisualStudioVersion = 10.0.40219.1
Project("{FAE04EC0-301F-11D3-BF4B-00C04F79EFBC}") = "HelloWorld", "HelloWorld\HelloWorld.csproj", "{F03B3CC7-8B04-4B21-AF6E-B6EAAFEF7B0E}"
EndProject
Global
	GlobalSection(SolutionConfigurationPlatforms) = preSolution
		Debug|Any CPU = Debug|Any CPU
		Release|Any CPU = Release|Any CPU
	EndGlobalSection
	GlobalSection(ProjectConfigurationPlatforms) = postSolution
		{F03B3CC7-8B04-4B21-AF6E-B6EAAFEF7B0E}.Debug|Any CPU.ActiveCfg = Debug|Any CPU
		{F03B3CC7-8B04-4B21-AF6E-B6EAAFEF7B0E}.Debug|Any CPU.Build.0 = Debug|Any CPU
		{F03B3CC7-8B04-4B21-AF6E-B6EAAFEF7B0E}.Release|Any CPU.ActiveCfg = Release|Any CPU
		{F03B3CC7-8B04-4B21-AF6E-B6EAAFEF7B0E}.Release|Any CPU.Build.0 = Release|Any CPU
	EndGlobalSection
	GlobalSection(SolutionProperties) = preSolution
		HideSolutionNode = FALSE
	EndGlobalSection
	GlobalSection(ExtensibilityGlobals) = postSolution
		SolutionGuid = {F9D665D5-54E5-41C6-912F-A8E88759911C}
	EndGlobalSection
EndGlobal
